
Microsoft Visual Studio Solution File, Format Version 12.00
# Visual Studio Version 16
VisualStudioVersion = 16.0.30320.27
MinimumVisualStudioVersion = 10.0.40219.1
Project("{FAE04EC0-301F-11D3-BF4B-00C04F79EFBC}") = "WebAPI", "WebAPI\WebAPI.csproj", "{01D35DDB-9743-4477-9255-44DC91D4E86C}"
EndProject
Global
	GlobalSection(SolutionConfigurationPlatforms) = preSolution
		Debug|Any CPU = Debug|Any CPU
		Release|Any CPU = Release|Any CPU
	EndGlobalSection
	GlobalSection(ProjectConfigurationPlatforms) = postSolution
		{01D35DDB-9743-4477-9255-44DC91D4E86C}.Debug|Any CPU.ActiveCfg = Debug|Any CPU
		{01D35DDB-9743-4477-9255-44DC91D4E86C}.Debug|Any CPU.Build.0 = Debug|Any CPU
		{01D35DDB-9743-4477-9255-44DC91D4E86C}.Release|Any CPU.ActiveCfg = Release|Any CPU
		{01D35DDB-9743-4477-9255-44DC91D4E86C}.Release|Any CPU.Build.0 = Release|Any CPU
	EndGlobalSection
	GlobalSection(SolutionProperties) = preSolution
		HideSolutionNode = FALSE
	EndGlobalSection
	GlobalSection(ExtensibilityGlobals) = postSolution
		SolutionGuid = {73135105-1733-4934-B3D6-66AEF828A38E}
	EndGlobalSection
EndGlobal
